
Microsoft Visual Studio Solution File, Format Version 12.00
# Visual Studio 15
VisualStudioVersion = 15.0.27703.2018
MinimumVisualStudioVersion = 10.0.40219.1
Project("{FAE04EC0-301F-11D3-BF4B-00C04F79EFBC}") = "Jacaranda.Owin.Security.Wechat", "Jacaranda.Owin.Security.Wechat\Jacaranda.Owin.Security.Wechat.csproj", "{4F5185C5-8C38-4719-B1A5-590DDBAE09B3}"
EndProject
Project("{FAE04EC0-301F-11D3-BF4B-00C04F79EFBC}") = "Jacaranda.Owin.Test", "Jacaranda.Owin.Test\Jacaranda.Owin.Test.csproj", "{F6D750EF-917B-4C15-BFCB-2DCE9DDC2C73}"
EndProject
Global
	GlobalSection(SolutionConfigurationPlatforms) = preSolution
		Debug|Any CPU = Debug|Any CPU
		Release|Any CPU = Release|Any CPU
	EndGlobalSection
	GlobalSection(ProjectConfigurationPlatforms) = postSolution
		{4F5185C5-8C38-4719-B1A5-590DDBAE09B3}.Debug|Any CPU.ActiveCfg = Debug|Any CPU
		{4F5185C5-8C38-4719-B1A5-590DDBAE09B3}.Debug|Any CPU.Build.0 = Debug|Any CPU
		{4F5185C5-8C38-4719-B1A5-590DDBAE09B3}.Release|Any CPU.ActiveCfg = Release|Any CPU
		{4F5185C5-8C38-4719-B1A5-590DDBAE09B3}.Release|Any CPU.Build.0 = Release|Any CPU
		{F6D750EF-917B-4C15-BFCB-2DCE9DDC2C73}.Debug|Any CPU.ActiveCfg = Debug|Any CPU
		{F6D750EF-917B-4C15-BFCB-2DCE9DDC2C73}.Debug|Any CPU.Build.0 = Debug|Any CPU
		{F6D750EF-917B-4C15-BFCB-2DCE9DDC2C73}.Release|Any CPU.ActiveCfg = Release|Any CPU
		{F6D750EF-917B-4C15-BFCB-2DCE9DDC2C73}.Release|Any CPU.Build.0 = Release|Any CPU
	EndGlobalSection
	GlobalSection(SolutionProperties) = preSolution
		HideSolutionNode = FALSE
	EndGlobalSection
	GlobalSection(ExtensibilityGlobals) = postSolution
		SolutionGuid = {E0D30C57-AC02-4AD2-B024-820D85519785}
	EndGlobalSection
EndGlobal
